Microsoft Visual Studio Solution File, Format Version 12.00
# Visual Studio 14
VisualStudioVersion = 14.0.23107.0
MinimumVisualStudioVersion = 10.0.40219.1
Project("{FAE04EC0-301F-11D3-BF4B-00C04F79EFBC}") = "CMSApp", "CMS\CMSApp.csproj", "{BB8817AE-48DF-4672-A1CB-CFB7441B88DA}"
EndProject
Project("{2150E333-8FDC-42A3-9474-1A3956D46DE8}") = "Lib", "Lib", "{D35E394D-1447-4091-BBAB-6D2B1F9C501F}"
	ProjectSection(SolutionItems) = preProject
		Lib\CMS.Activities.dll = Lib\CMS.Activities.dll
		Lib\CMS.Activities.Loggers.dll = Lib\CMS.Activities.Loggers.dll
		Lib\CMS.Activities.Loggers.xml = Lib\CMS.Activities.Loggers.xml
		Lib\CMS.Activities.Web.UI.dll = Lib\CMS.Activities.Web.UI.dll
		Lib\CMS.Activities.Web.UI.XML = Lib\CMS.Activities.Web.UI.XML
		Lib\CMS.Activities.XML = Lib\CMS.Activities.XML
		Lib\CMS.AmazonStorage.dll = Lib\CMS.AmazonStorage.dll
		Lib\CMS.AmazonStorage.XML = Lib\CMS.AmazonStorage.XML
		Lib\CMS.ApplicationDashboard.Web.UI.dll = Lib\CMS.ApplicationDashboard.Web.UI.dll
		Lib\CMS.ApplicationDashboard.Web.UI.XML = Lib\CMS.ApplicationDashboard.Web.UI.XML
		Lib\CMS.Automation.dll = Lib\CMS.Automation.dll
		Lib\CMS.Automation.XML = Lib\CMS.Automation.XML
		Lib\CMS.AzureStorage.dll = Lib\CMS.AzureStorage.dll
		Lib\CMS.AzureStorage.XML = Lib\CMS.AzureStorage.XML
		Lib\CMS.BannerManagement.dll = Lib\CMS.BannerManagement.dll
		Lib\CMS.BannerManagement.XML = Lib\CMS.BannerManagement.XML
		Lib\CMS.Base.dll = Lib\CMS.Base.dll
		Lib\CMS.Base.Web.UI.dll = Lib\CMS.Base.Web.UI.dll
		Lib\CMS.Base.Web.UI.XML = Lib\CMS.Base.Web.UI.XML
		Lib\CMS.Base.xml = Lib\CMS.Base.xml
		Lib\CMS.Blogs.dll = Lib\CMS.Blogs.dll
		Lib\CMS.Blogs.Web.UI.dll = Lib\CMS.Blogs.Web.UI.dll
		Lib\CMS.Blogs.Web.UI.XML = Lib\CMS.Blogs.Web.UI.XML
		Lib\CMS.Blogs.XML = Lib\CMS.Blogs.XML
		Lib\CMS.Chat.dll = Lib\CMS.Chat.dll
		Lib\CMS.Chat.Web.UI.dll = Lib\CMS.Chat.Web.UI.dll
		Lib\CMS.Chat.Web.UI.XML = Lib\CMS.Chat.Web.UI.XML
		Lib\CMS.Chat.XML = Lib\CMS.Chat.XML
		Lib\CMS.Community.dll = Lib\CMS.Community.dll
		Lib\CMS.Community.Web.UI.dll = Lib\CMS.Community.Web.UI.dll
		Lib\CMS.Community.Web.UI.XML = Lib\CMS.Community.Web.UI.XML
		Lib\CMS.Community.XML = Lib\CMS.Community.XML
		Lib\CMS.ContactManagement.dll = Lib\CMS.ContactManagement.dll
		Lib\CMS.ContactManagement.Web.UI.dll = Lib\CMS.ContactManagement.Web.UI.dll
		Lib\CMS.ContactManagement.Web.UI.XML = Lib\CMS.ContactManagement.Web.UI.XML
		Lib\CMS.ContactManagement.XML = Lib\CMS.ContactManagement.XML
		Lib\CMS.ContinuousIntegration.dll = Lib\CMS.ContinuousIntegration.dll
		Lib\CMS.ContinuousIntegration.xml = Lib\CMS.ContinuousIntegration.xml
		Lib\CMS.Core.dll = Lib\CMS.Core.dll
		Lib\CMS.Core.XML = Lib\CMS.Core.XML
		Lib\CMS.CustomTables.dll = Lib\CMS.CustomTables.dll
		Lib\CMS.CustomTables.XML = Lib\CMS.CustomTables.XML
		Lib\CMS.DancingGoat.Samples.dll = Lib\CMS.DancingGoat.Samples.dll
		Lib\CMS.DancingGoat.Samples.xml = Lib\CMS.DancingGoat.Samples.xml
		Lib\CMS.DataEngine.dll = Lib\CMS.DataEngine.dll
		Lib\CMS.DataEngine.XML = Lib\CMS.DataEngine.XML
		Lib\CMS.DataProtection.dll = Lib\CMS.DataProtection.dll
		Lib\CMS.DataProtection.XML = Lib\CMS.DataProtection.XML
		Lib\CMS.DeviceProfiles.dll = Lib\CMS.DeviceProfiles.dll
		Lib\CMS.DeviceProfiles.XML = Lib\CMS.DeviceProfiles.XML
		Lib\CMS.DocumentEngine.dll = Lib\CMS.DocumentEngine.dll
		Lib\CMS.DocumentEngine.Web.UI.dll = Lib\CMS.DocumentEngine.Web.UI.dll
		Lib\CMS.DocumentEngine.Web.UI.dll.config = Lib\CMS.DocumentEngine.Web.UI.dll.config
		Lib\CMS.DocumentEngine.Web.UI.xml = Lib\CMS.DocumentEngine.Web.UI.xml
		Lib\CMS.DocumentEngine.Web.UI.XmlSerializers.dll = Lib\CMS.DocumentEngine.Web.UI.XmlSerializers.dll
		Lib\CMS.DocumentEngine.XML = Lib\CMS.DocumentEngine.XML
		Lib\CMS.DocumentWebServices.dll = Lib\CMS.DocumentWebServices.dll
		Lib\CMS.DocumentWebServices.XML = Lib\CMS.DocumentWebServices.XML
		Lib\CMS.Ecommerce.dll = Lib\CMS.Ecommerce.dll
		Lib\CMS.Ecommerce.Web.UI.dll = Lib\CMS.Ecommerce.Web.UI.dll
		Lib\CMS.Ecommerce.Web.UI.xml = Lib\CMS.Ecommerce.Web.UI.xml
		Lib\CMS.Ecommerce.XML = Lib\CMS.Ecommerce.XML
		Lib\CMS.EmailEngine.dll = Lib\CMS.EmailEngine.dll
		Lib\CMS.EmailEngine.XML = Lib\CMS.EmailEngine.XML
		Lib\CMS.EventLog.dll = Lib\CMS.EventLog.dll
		Lib\CMS.EventLog.XML = Lib\CMS.EventLog.XML
		Lib\CMS.EventManager.dll = Lib\CMS.EventManager.dll
		Lib\CMS.EventManager.XML = Lib\CMS.EventManager.XML
		Lib\CMS.ExternalAuthentication.dll = Lib\CMS.ExternalAuthentication.dll
		Lib\CMS.ExternalAuthentication.Web.UI.dll = Lib\CMS.ExternalAuthentication.Web.UI.dll
		Lib\CMS.ExternalAuthentication.Web.UI.XML = Lib\CMS.ExternalAuthentication.Web.UI.XML
		Lib\CMS.ExternalAuthentication.xml = Lib\CMS.ExternalAuthentication.xml
		Lib\CMS.FormEngine.dll = Lib\CMS.FormEngine.dll
		Lib\CMS.FormEngine.Web.UI.dll = Lib\CMS.FormEngine.Web.UI.dll
		Lib\CMS.FormEngine.Web.UI.xml = Lib\CMS.FormEngine.Web.UI.xml
		Lib\CMS.FormEngine.XML = Lib\CMS.FormEngine.XML
		Lib\CMS.Forums.dll = Lib\CMS.Forums.dll
		Lib\CMS.Forums.Web.UI.dll = Lib\CMS.Forums.Web.UI.dll
		Lib\CMS.Forums.Web.UI.XML = Lib\CMS.Forums.Web.UI.XML
		Lib\CMS.Forums.XML = Lib\CMS.Forums.XML
		Lib\CMS.Globalization.dll = Lib\CMS.Globalization.dll
		Lib\CMS.Globalization.Web.UI.dll = Lib\CMS.Globalization.Web.UI.dll
		Lib\CMS.Globalization.Web.UI.XML = Lib\CMS.Globalization.Web.UI.XML
		Lib\CMS.Globalization.XML = Lib\CMS.Globalization.XML
		Lib\CMS.HealthMonitoring.dll = Lib\CMS.HealthMonitoring.dll
		Lib\CMS.HealthMonitoring.XML = Lib\CMS.HealthMonitoring.XML
		Lib\CMS.Helpers.dll = Lib\CMS.Helpers.dll
		Lib\CMS.Helpers.xml = Lib\CMS.Helpers.xml
		Lib\CMS.ImportExport.dll = Lib\CMS.ImportExport.dll
		Lib\CMS.ImportExport.XML = Lib\CMS.ImportExport.XML
		Lib\CMS.IO.dll = Lib\CMS.IO.dll
		Lib\CMS.IO.XML = Lib\CMS.IO.XML
		Lib\CMS.LicenseProvider.dll = Lib\CMS.LicenseProvider.dll
		Lib\CMS.LicenseProvider.dll.config = Lib\CMS.LicenseProvider.dll.config
		Lib\CMS.LicenseProvider.XML = Lib\CMS.LicenseProvider.XML
		Lib\CMS.LicenseProvider.XmlSerializers.dll = Lib\CMS.LicenseProvider.XmlSerializers.dll
		Lib\CMS.MacroEngine.dll = Lib\CMS.MacroEngine.dll
		Lib\CMS.MacroEngine.XML = Lib\CMS.MacroEngine.XML
		Lib\CMS.MediaLibrary.dll = Lib\CMS.MediaLibrary.dll
		Lib\CMS.MediaLibrary.Web.UI.dll = Lib\CMS.MediaLibrary.Web.UI.dll
		Lib\CMS.MediaLibrary.Web.UI.XML = Lib\CMS.MediaLibrary.Web.UI.XML
		Lib\CMS.MediaLibrary.XML = Lib\CMS.MediaLibrary.XML
		Lib\CMS.Membership.dll = Lib\CMS.Membership.dll
		Lib\CMS.Membership.Web.UI.dll = Lib\CMS.Membership.Web.UI.dll
		Lib\CMS.Membership.Web.UI.XML = Lib\CMS.Membership.Web.UI.XML
		Lib\CMS.Membership.XML = Lib\CMS.Membership.XML
		Lib\CMS.MembershipProvider.dll = Lib\CMS.MembershipProvider.dll
		Lib\CMS.MembershipProvider.XML = Lib\CMS.MembershipProvider.XML
		Lib\CMS.MessageBoards.dll = Lib\CMS.MessageBoards.dll
		Lib\CMS.MessageBoards.Web.UI.dll = Lib\CMS.MessageBoards.Web.UI.dll
		Lib\CMS.MessageBoards.Web.UI.XML = Lib\CMS.MessageBoards.Web.UI.XML
		Lib\CMS.MessageBoards.xml = Lib\CMS.MessageBoards.xml
		Lib\CMS.Messaging.dll = Lib\CMS.Messaging.dll
		Lib\CMS.Messaging.XML = Lib\CMS.Messaging.XML
		Lib\CMS.Modules.dll = Lib\CMS.Modules.dll
		Lib\CMS.Modules.Web.UI.dll = Lib\CMS.Modules.Web.UI.dll
		Lib\CMS.Modules.Web.UI.xml = Lib\CMS.Modules.Web.UI.xml
		Lib\CMS.Modules.XML = Lib\CMS.Modules.XML
		Lib\CMS.ModuleUsageTracking.dll = Lib\CMS.ModuleUsageTracking.dll
		Lib\CMS.ModuleUsageTracking.XML = Lib\CMS.ModuleUsageTracking.XML
		Lib\CMS.Newsletters.dll = Lib\CMS.Newsletters.dll
		Lib\CMS.Newsletters.Web.UI.dll = Lib\CMS.Newsletters.Web.UI.dll
		Lib\CMS.Newsletters.Web.UI.xml = Lib\CMS.Newsletters.Web.UI.xml
		Lib\CMS.Newsletters.xml = Lib\CMS.Newsletters.xml
		Lib\CMS.Notifications.Web.UI.dll = Lib\CMS.Notifications.Web.UI.dll
		Lib\CMS.Notifications.Web.UI.xml = Lib\CMS.Notifications.Web.UI.xml
		Lib\CMS.OnlineForms.dll = Lib\CMS.OnlineForms.dll
		Lib\CMS.OnlineForms.Web.UI.dll = Lib\CMS.OnlineForms.Web.UI.dll
		Lib\CMS.OnlineForms.Web.UI.XML = Lib\CMS.OnlineForms.Web.UI.XML
		Lib\CMS.OnlineForms.XML = Lib\CMS.OnlineForms.XML
		Lib\CMS.OnlineMarketing.dll = Lib\CMS.OnlineMarketing.dll
		Lib\CMS.OnlineMarketing.Web.UI.dll = Lib\CMS.OnlineMarketing.Web.UI.dll
		Lib\CMS.OnlineMarketing.Web.UI.xml = Lib\CMS.OnlineMarketing.Web.UI.xml
		Lib\CMS.OnlineMarketing.XML = Lib\CMS.OnlineMarketing.XML
		Lib\CMS.OutputFilter.dll = Lib\CMS.OutputFilter.dll
		Lib\CMS.OutputFilter.XML = Lib\CMS.OutputFilter.XML
		Lib\CMS.Personas.dll = Lib\CMS.Personas.dll
		Lib\CMS.Personas.Web.UI.dll = Lib\CMS.Personas.Web.UI.dll
		Lib\CMS.Personas.Web.UI.XML = Lib\CMS.Personas.Web.UI.XML
		Lib\CMS.Personas.XML = Lib\CMS.Personas.XML
		Lib\CMS.Polls.dll = Lib\CMS.Polls.dll
		Lib\CMS.Polls.XML = Lib\CMS.Polls.XML
		Lib\CMS.PortalEngine.dll = Lib\CMS.PortalEngine.dll
		Lib\CMS.PortalEngine.Web.UI.dll = Lib\CMS.PortalEngine.Web.UI.dll
		Lib\CMS.PortalEngine.Web.UI.xml = Lib\CMS.PortalEngine.Web.UI.xml
		Lib\CMS.PortalEngine.XML = Lib\CMS.PortalEngine.XML
		Lib\CMS.Protection.dll = Lib\CMS.Protection.dll
		Lib\CMS.Protection.Web.UI.dll = Lib\CMS.Protection.Web.UI.dll
		Lib\CMS.Protection.Web.UI.XML = Lib\CMS.Protection.Web.UI.XML
		Lib\CMS.Protection.XML = Lib\CMS.Protection.XML
		Lib\CMS.Relationships.dll = Lib\CMS.Relationships.dll
		Lib\CMS.Relationships.XML = Lib\CMS.Relationships.XML
		Lib\CMS.Reporting.dll = Lib\CMS.Reporting.dll
		Lib\CMS.Reporting.Web.UI.dll = Lib\CMS.Reporting.Web.UI.dll
		Lib\CMS.Reporting.Web.UI.XML = Lib\CMS.Reporting.Web.UI.XML
		Lib\CMS.Reporting.XML = Lib\CMS.Reporting.XML
		Lib\CMS.ResponsiveImages.dll = Lib\CMS.ResponsiveImages.dll
		Lib\CMS.ResponsiveImages.xml = Lib\CMS.ResponsiveImages.xml
		Lib\CMS.Routing.Web.dll = Lib\CMS.Routing.Web.dll
		Lib\CMS.Routing.Web.XML = Lib\CMS.Routing.Web.XML
		Lib\CMS.SalesForce.dll = Lib\CMS.SalesForce.dll
		Lib\CMS.SalesForce.XML = Lib\CMS.SalesForce.XML
		Lib\CMS.Scheduler.dll = Lib\CMS.Scheduler.dll
		Lib\CMS.Scheduler.XML = Lib\CMS.Scheduler.XML
		Lib\CMS.Search.Azure.dll = Lib\CMS.Search.Azure.dll
		Lib\CMS.Search.Azure.XML = Lib\CMS.Search.Azure.XML
		Lib\CMS.Search.dll = Lib\CMS.Search.dll
		Lib\CMS.Search.Lucene3.dll = Lib\CMS.Search.Lucene3.dll
		Lib\CMS.Search.Lucene3.XML = Lib\CMS.Search.Lucene3.XML
		Lib\CMS.Search.TextExtractors.dll = Lib\CMS.Search.TextExtractors.dll
		Lib\CMS.Search.TextExtractors.XML = Lib\CMS.Search.TextExtractors.XML
		Lib\CMS.Search.Web.UI.dll = Lib\CMS.Search.Web.UI.dll
		Lib\CMS.Search.Web.UI.XML = Lib\CMS.Search.Web.UI.XML
		Lib\CMS.Search.xml = Lib\CMS.Search.xml
		Lib\CMS.SharePoint.dll = Lib\CMS.SharePoint.dll
		Lib\CMS.SharePoint.Web.UI.dll = Lib\CMS.SharePoint.Web.UI.dll
		Lib\CMS.SharePoint.Web.UI.XML = Lib\CMS.SharePoint.Web.UI.XML
		Lib\CMS.SharePoint.XML = Lib\CMS.SharePoint.XML
		Lib\CMS.SiteProvider.dll = Lib\CMS.SiteProvider.dll
		Lib\CMS.SiteProvider.XML = Lib\CMS.SiteProvider.XML
		Lib\CMS.SocialMarketing.dll = Lib\CMS.SocialMarketing.dll
		Lib\CMS.SocialMarketing.Web.UI.dll = Lib\CMS.SocialMarketing.Web.UI.dll
		Lib\CMS.SocialMarketing.Web.UI.xml = Lib\CMS.SocialMarketing.Web.UI.xml
		Lib\CMS.SocialMarketing.xml = Lib\CMS.SocialMarketing.xml
		Lib\CMS.StrandsRecommender.dll = Lib\CMS.StrandsRecommender.dll
		Lib\CMS.StrandsRecommender.Web.UI.dll = Lib\CMS.StrandsRecommender.Web.UI.dll
		Lib\CMS.StrandsRecommender.Web.UI.XML = Lib\CMS.StrandsRecommender.Web.UI.XML
		Lib\CMS.StrandsRecommender.XML = Lib\CMS.StrandsRecommender.XML
		Lib\CMS.Synchronization.dll = Lib\CMS.Synchronization.dll
		Lib\CMS.Synchronization.Web.UI.dll = Lib\CMS.Synchronization.Web.UI.dll
		Lib\CMS.Synchronization.Web.UI.XML = Lib\CMS.Synchronization.Web.UI.XML
		Lib\CMS.Synchronization.WSE3.dll = Lib\CMS.Synchronization.WSE3.dll
		Lib\CMS.Synchronization.WSE3.XML = Lib\CMS.Synchronization.WSE3.XML
		Lib\CMS.Synchronization.xml = Lib\CMS.Synchronization.xml
		Lib\CMS.SynchronizationEngine.dll = Lib\CMS.SynchronizationEngine.dll
		Lib\CMS.SynchronizationEngine.dll.config = Lib\CMS.SynchronizationEngine.dll.config
		Lib\CMS.SynchronizationEngine.xml = Lib\CMS.SynchronizationEngine.xml
		Lib\CMS.Taxonomy.dll = Lib\CMS.Taxonomy.dll
		Lib\CMS.Taxonomy.XML = Lib\CMS.Taxonomy.XML
		Lib\CMS.TranslationServices.dll = Lib\CMS.TranslationServices.dll
		Lib\CMS.TranslationServices.Web.UI.dll = Lib\CMS.TranslationServices.Web.UI.dll
		Lib\CMS.TranslationServices.Web.UI.XML = Lib\CMS.TranslationServices.Web.UI.XML
		Lib\CMS.TranslationServices.XML = Lib\CMS.TranslationServices.XML
		Lib\CMS.UIControls.dll = Lib\CMS.UIControls.dll
		Lib\CMS.UIControls.XML = Lib\CMS.UIControls.XML
		Lib\CMS.URLRewritingEngine.dll = Lib\CMS.URLRewritingEngine.dll
		Lib\CMS.URLRewritingEngine.XML = Lib\CMS.URLRewritingEngine.XML
		Lib\CMS.VirtualPathProvider.dll = Lib\CMS.VirtualPathProvider.dll
		Lib\CMS.VirtualPathProvider.XML = Lib\CMS.VirtualPathProvider.XML
		Lib\CMS.WebAnalytics.dll = Lib\CMS.WebAnalytics.dll
		Lib\CMS.WebAnalytics.Web.UI.dll = Lib\CMS.WebAnalytics.Web.UI.dll
		Lib\CMS.WebAnalytics.Web.UI.XML = Lib\CMS.WebAnalytics.Web.UI.XML
		Lib\CMS.WebAnalytics.XML = Lib\CMS.WebAnalytics.XML
		Lib\CMS.WebApi.dll = Lib\CMS.WebApi.dll
		Lib\CMS.WebApi.XML = Lib\CMS.WebApi.XML
		Lib\CMS.WebDAV.dll = Lib\CMS.WebDAV.dll
		Lib\CMS.WebDAV.Web.UI.dll = Lib\CMS.WebDAV.Web.UI.dll
		Lib\CMS.WebDAV.Web.UI.XML = Lib\CMS.WebDAV.Web.UI.XML
		Lib\CMS.WebDAV.XML = Lib\CMS.WebDAV.XML
		Lib\CMS.WebFarmSync.dll = Lib\CMS.WebFarmSync.dll
		Lib\CMS.WebFarmSync.XML = Lib\CMS.WebFarmSync.XML
		Lib\CMS.WebServices.dll = Lib\CMS.WebServices.dll
		Lib\CMS.WebServices.xml = Lib\CMS.WebServices.xml
		Lib\CMS.WIFIntegration.dll = Lib\CMS.WIFIntegration.dll
		Lib\CMS.WIFIntegration.XML = Lib\CMS.WIFIntegration.XML
		Lib\CMS.WinServiceEngine.dll = Lib\CMS.WinServiceEngine.dll
		Lib\CMS.WinServiceEngine.XML = Lib\CMS.WinServiceEngine.XML
		Lib\CMS.WorkflowEngine.dll = Lib\CMS.WorkflowEngine.dll
		Lib\CMS.WorkflowEngine.Web.UI.dll = Lib\CMS.WorkflowEngine.Web.UI.dll
		Lib\CMS.WorkflowEngine.Web.UI.XML = Lib\CMS.WorkflowEngine.Web.UI.XML
		Lib\CMS.WorkflowEngine.XML = Lib\CMS.WorkflowEngine.XML
		Lib\ContinuousIntegration.exe = Lib\ContinuousIntegration.exe
		Lib\ContinuousIntegration.exe.config = Lib\ContinuousIntegration.exe.config
		Lib\DocumentFormat.OpenXml.dll = Lib\DocumentFormat.OpenXml.dll
		Lib\DocumentFormat.OpenXml.xml = Lib\DocumentFormat.OpenXml.xml
		Lib\DotNetOpenAuth.dll = Lib\DotNetOpenAuth.dll
		Lib\HealthMonitoringService.exe = Lib\HealthMonitoringService.exe
		Lib\ITHit.WebDAV.Server.dll = Lib\ITHit.WebDAV.Server.dll
		Lib\ITHit.WebDAV.Server.xml = Lib\ITHit.WebDAV.Server.xml
		Lib\Lucene.Net.v3.dll = Lib\Lucene.Net.v3.dll
		Lib\Lucene.Net.WordNet.SynExpand.dll = Lib\Lucene.Net.WordNet.SynExpand.dll
		Lib\MaxMindGEOIP.dll = Lib\MaxMindGEOIP.dll
		Lib\Microsoft.IdentityModel.dll = Lib\Microsoft.IdentityModel.dll
		Lib\Microsoft.SqlServer.TransactSql.ScriptDom.dll = Lib\Microsoft.SqlServer.TransactSql.ScriptDom.dll
		Lib\Microsoft.Web.Services3.dll = Lib\Microsoft.Web.Services3.dll
		Lib\NetSpell.SpellChecker.dll = Lib\NetSpell.SpellChecker.dll
		Lib\OpenPop.dll = Lib\OpenPop.dll
		Lib\OpenPop.xml = Lib\OpenPop.xml
		Lib\PDFClown.dll = Lib\PDFClown.dll
		Lib\PreMailer.Net.dll = Lib\PreMailer.Net.dll
		Lib\SchedulerService.exe = Lib\SchedulerService.exe
		Lib\ThoughtWorks.QRCode.dll = Lib\ThoughtWorks.QRCode.dll
		Lib\Ude.dll = Lib\Ude.dll
	EndProjectSection
EndProject
Project("{2150E333-8FDC-42A3-9474-1A3956D46DE8}") = "Azure", "Azure", "{CF1E5A5C-DC9A-4772-AED7-B1399C082562}"
	ProjectSection(SolutionItems) = preProject
		Lib\Azure\Microsoft.WindowsAzure.Configuration.dll = Lib\Azure\Microsoft.WindowsAzure.Configuration.dll
		Lib\Azure\Microsoft.WindowsAzure.Configuration.xml = Lib\Azure\Microsoft.WindowsAzure.Configuration.xml
	EndProjectSection
EndProject
Global
	GlobalSection(SolutionConfigurationPlatforms) = preSolution
		Debug|Any CPU = Debug|Any CPU
		Release|Any CPU = Release|Any CPU
	EndGlobalSection
	GlobalSection(ProjectConfigurationPlatforms) = postSolution
		{BB8817AE-48DF-4672-A1CB-CFB7441B88DA}.Debug|Any CPU.ActiveCfg = Debug|Any CPU
		{BB8817AE-48DF-4672-A1CB-CFB7441B88DA}.Debug|Any CPU.Build.0 = Debug|Any CPU
		{BB8817AE-48DF-4672-A1CB-CFB7441B88DA}.Release|Any CPU.ActiveCfg = Release|Any CPU
		{BB8817AE-48DF-4672-A1CB-CFB7441B88DA}.Release|Any CPU.Build.0 = Release|Any CPU
	EndGlobalSection
	GlobalSection(SolutionProperties) = preSolution
		HideSolutionNode = FALSE
	EndGlobalSection
	GlobalSection(NestedProjects) = preSolution
		{CF1E5A5C-DC9A-4772-AED7-B1399C082562} = {D35E394D-1447-4091-BBAB-6D2B1F9C501F}
	EndGlobalSection
EndGlobal
